GIT
  remote: git://github.com/elastic/logstash-devutils.git
  revision: e9af3a24824a41d0f19b025ca359e0735e820251
  branch: feature/plugin-api-2_0
  specs:
    logstash-devutils (0.0.19-java)
      fivemat
      gem_publisher
      insist (= 1.0.0)
      kramdown
      minitar
      rake
      rspec (~> 3.1.0)
      rspec-wait
      stud (>= 0.0.20)

GIT
  remote: git://github.com/logstash-plugins/logstash-codec-json.git
  revision: 141d488f3a73706d5ae08dd41468fed285fbbdf9
  branch: feature/plugin-api-2_0
  specs:
    logstash-codec-json (2.1.4)
      logstash-core-plugin-api (~> 2.0)

GIT
  remote: git://github.com/logstash-plugins/logstash-codec-json_lines.git
  revision: f1a3fda4d1affaa6da4b037eec78ee5f10287eb8
  branch: feature/plugin-api-2_0
  specs:
    logstash-codec-json_lines (2.1.3)
      logstash-codec-line (>= 2.1.0)
      logstash-core-plugin-api (~> 2.0)

GIT
  remote: git://github.com/logstash-plugins/logstash-codec-line.git
  revision: f912b6ca5137bef914ea0e605cb34520b0f172d4
  branch: feature/plugin-api-2_0
  specs:
    logstash-codec-line (2.1.2)
      logstash-core-plugin-api (~> 2.0)

GIT
  remote: git://github.com/logstash-plugins/logstash-codec-plain.git
  revision: 5c5424905d5e06d7f7adc888411057c8a5681194
  branch: feature/plugin-api-2_0
  specs:
    logstash-codec-plain (2.0.4)
      logstash-core-plugin-api (~> 2.0)

GIT
  remote: git://github.com/logstash-plugins/logstash-filter-clone.git
  revision: 4da247817809ff68a47557f022c8049536651564
  branch: feature/plugin-api-2_0
  specs:
    logstash-filter-clone (2.0.6)
      logstash-core-plugin-api (~> 2.0)

GIT
  remote: git://github.com/logstash-plugins/logstash-filter-grok.git
  revision: 284dc6614b0cac6770cda2c18a52f8405146f1eb
  branch: feature/plugin-api-2_0
  specs:
    logstash-filter-grok (2.0.5)
      jls-grok (~> 0.11.1)
      logstash-core-plugin-api (~> 2.0)
      logstash-patterns-core

GIT
  remote: git://github.com/logstash-plugins/logstash-filter-multiline.git
  revision: fd1da31b7d1e0b44319c0f2865c767b36440583d
  branch: feature/plugin-api-2_0
  specs:
    logstash-filter-multiline (2.0.5)
      jls-grok (~> 0.11.0)
      logstash-core-plugin-api (~> 2.0)
      logstash-patterns-core

GIT
  remote: git://github.com/logstash-plugins/logstash-filter-mutate.git
  revision: f9624cc0a05354c308b2d22a5895c737eceaa08b
  branch: feature/plugin-api-2_0
  specs:
    logstash-filter-mutate (2.0.6)
      logstash-core-plugin-api (~> 2.0)

GIT
  remote: git://github.com/logstash-plugins/logstash-input-generator.git
  revision: 2557a4e7da667d6e801cac47e27ff297b6ecc79a
  branch: feature/plugin-api-2_0
  specs:
    logstash-input-generator (2.0.4)
      logstash-codec-plain
      logstash-core-plugin-api (~> 2.0)

GIT
  remote: git://github.com/logstash-plugins/logstash-input-stdin.git
  revision: cca193c505f931500bd0f6be45afada2af0578ed
  branch: feature/plugin-api-2_0
  specs:
    logstash-input-stdin (2.0.4)
      concurrent-ruby
      logstash-codec-line
      logstash-core-plugin-api (~> 2.0)

GIT
  remote: git://github.com/logstash-plugins/logstash-input-tcp.git
  revision: b6f2705d7fc226c08dd0905561ef9373d2801a58
  branch: feature/plugin-api-2_0
  specs:
    logstash-input-tcp (3.0.5)
      logstash-codec-json
      logstash-codec-json_lines
      logstash-codec-line
      logstash-codec-plain
      logstash-core-plugin-api (~> 2.0)

GIT
  remote: git://github.com/logstash-plugins/logstash-output-stdout.git
  revision: c150cb4f560b047372e15887e8b6bf421af22fc9
  branch: feature/plugin-api-2_0
  specs:
    logstash-output-stdout (2.0.6)
      logstash-codec-line
      logstash-core-plugin-api (~> 2.0)

GIT
  remote: git://github.com/logstash-plugins/logstash-patterns-core.git
  revision: e039ba2d3db6a01b6501fe0cab8a82453c6dc45f
  branch: feature/plugin-api-2_0
  specs:
    logstash-patterns-core (2.0.5)
      logstash-core-plugin-api (~> 2.0)

PATH
  remote: ./logstash-core
  specs:
    logstash-core (5.0.0.dev-java)
      cabin (~> 0.8.0)
      chronic_duration (= 0.10.6)
      clamp (~> 0.6.5)
      concurrent-ruby (= 1.0.0)
      filesize (= 0.0.4)
      gems (~> 0.8.3)
      i18n (= 0.6.9)
      jrjackson (~> 0.3.7)
      jruby-monitoring (~> 0.3.1)
      jruby-openssl (= 0.9.16)
      logstash-core-event-java (~> 5.0.0.dev)
      minitar (~> 0.5.4)
      pry (~> 0.10.1)
      puma (~> 2.16, >= 2.16.0)
      rubyzip (~> 1.1.7)
      sinatra (~> 1.4, >= 1.4.6)
      stud (~> 0.0.19)
      thread_safe (~> 0.3.5)
      treetop (< 1.5.0)

PATH
  remote: ./logstash-core-event-java
  specs:
    logstash-core-event-java (5.0.0.dev-java)
      jar-dependencies
      ruby-maven (~> 3.3.9)

PATH
  remote: ./logstash-core-plugin-api
  specs:
    logstash-core-plugin-api (2.0.0-java)
      logstash-core (= 5.0.0.dev)

GEM
  remote: https://rubygems.org/
  specs:
    addressable (2.3.8)
    arr-pm (0.0.10)
      cabin (> 0)
    backports (3.6.8)
    benchmark-ips (2.6.1)
    builder (3.2.2)
    cabin (0.8.1)
    childprocess (0.5.9)
      ffi (~> 1.0, >= 1.0.11)
    chronic_duration (0.10.6)
      numerizer (~> 0.1.1)
    ci_reporter (2.0.0)
      builder (>= 2.1.2)
    ci_reporter_rspec (1.0.0)
      ci_reporter (~> 2.0)
      rspec (>= 2.14, < 4)
    clamp (0.6.5)
    coderay (1.1.1)
    concurrent-ruby (1.0.0-java)
    coveralls (0.8.13)
      json (~> 1.8)
      simplecov (~> 0.11.0)
      term-ansicolor (~> 1.3)
      thor (~> 0.19.1)
      tins (~> 1.6.0)
    diff-lcs (1.2.5)
    docile (1.1.5)
    faraday (0.9.2)
      multipart-post (>= 1.2, < 3)
    ffi (1.9.10-java)
    file-dependencies (0.1.6)
      minitar
    filesize (0.0.4)
    fivemat (1.3.2)
    flores (0.0.6)
    fpm (1.3.3)
      arr-pm (~> 0.0.9)
      backports (>= 2.6.2)
      cabin (>= 0.6.0)
      childprocess
      clamp (~> 0.6)
      ffi
      json (>= 1.7.7)
    gem_publisher (1.5.0)
    gems (0.8.3)
    i18n (0.6.9)
    insist (1.0.0)
    jar-dependencies (0.3.2)
    jls-grok (0.11.2)
      cabin (>= 0.6.0)
    jrjackson (0.3.9-java)
    jruby-monitoring (0.3.1)
    jruby-openssl (0.9.16-java)
    json (1.8.3-java)
    kramdown (1.10.0)
    method_source (0.8.2)
    minitar (0.5.4)
    multipart-post (2.0.0)
    numerizer (0.1.1)
    octokit (3.8.0)
      sawyer (~> 0.6.0, >= 0.5.3)
    polyglot (0.3.5)
    pry (0.10.3-java)
      coderay (~> 1.1.0)
      method_source (~> 0.8.1)
      slop (~> 3.4)
      spoon (~> 0.0)
    puma (2.16.0-java)
    rack (1.6.4)
    rack-protection (1.5.3)
      rack
    rack-test (0.6.3)
      rack (>= 1.0)
    rake (11.1.2)
    rspec (3.1.0)
      rspec-core (~> 3.1.0)
      rspec-expectations (~> 3.1.0)
      rspec-mocks (~> 3.1.0)
    rspec-core (3.1.7)
      rspec-support (~> 3.1.0)
    rspec-expectations (3.1.2)
      diff-lcs (>= 1.2.0, < 2.0)
      rspec-support (~> 3.1.0)
    rspec-mocks (3.1.3)
      rspec-support (~> 3.1.0)
    rspec-support (3.1.2)
    rspec-wait (0.0.8)
      rspec (>= 2.11, < 3.5)
    ruby-maven (3.3.10)
      ruby-maven-libs (~> 3.3.1)
    ruby-maven-libs (3.3.3)
    rubyzip (1.1.7)
    sawyer (0.6.0)
      addressable (~> 2.3.5)
      faraday (~> 0.8, < 0.10)
    simplecov (0.11.2)
      docile (~> 1.1.0)
      json (~> 1.8)
      simplecov-html (~> 0.10.0)
    simplecov-html (0.10.0)
    sinatra (1.4.7)
      rack (~> 1.5)
      rack-protection (~> 1.4)
      tilt (>= 1.3, < 3)
    slop (3.6.0)
    spoon (0.0.4)
      ffi
    stud (0.0.22)
    term-ansicolor (1.3.2)
      tins (~> 1.0)
    thor (0.19.1)
    thread_safe (0.3.5-java)
    tilt (2.0.2)
    tins (1.6.0)
    treetop (1.4.15)
      polyglot
      polyglot (>= 0.3.1)

PLATFORMS
  java

DEPENDENCIES
  benchmark-ips
  ci_reporter_rspec (= 1.0.0)
  coveralls
  file-dependencies (= 0.1.6)
  flores (~> 0.0.6)
  fpm (~> 1.3.3)
  gems (~> 0.8.3)
  logstash-codec-json!
  logstash-codec-json_lines!
  logstash-codec-line!
  logstash-codec-plain!
  logstash-core (= 5.0.0.dev)!
  logstash-core-event-java (= 5.0.0.dev)!
  logstash-core-plugin-api (= 2.0.0)!
  logstash-devutils!
  logstash-filter-clone!
  logstash-filter-grok!
  logstash-filter-multiline!
  logstash-filter-mutate!
  logstash-input-generator!
  logstash-input-stdin!
  logstash-input-tcp!
  logstash-output-stdout!
  logstash-patterns-core!
  octokit (= 3.8.0)
  rack-test
  rspec (~> 3.1.0)
  rubyzip (~> 1.1.7)
  simplecov
  stud (~> 0.0.22)
  tins (= 1.6)
