GEM
  remote: https://rubygems.org/
  specs:
    activesupport (4.1.16)
      i18n (~> 0.6, >= 0.6.9)
      json (~> 1.7, >= 1.7.7)
      minitest (~> 5.1)
      thread_safe (~> 0.1)
      tzinfo (~> 1.1)
    addressable (2.3.8)
    amq-protocol (1.9.2)
    arr-pm (0.0.10)
      cabin (> 0)
    atomic (1.1.99-java)
    autoparse (0.3.3)
      addressable (>= 2.3.1)
      extlib (>= 0.9.15)
      multi_json (>= 1.0.0)
    avl_tree (1.2.1)
      atomic (~> 1.1)
    avro (1.8.1)
      multi_json
    awesome_print (1.7.0)
    aws-sdk (2.3.22)
      aws-sdk-resources (= 2.3.22)
    aws-sdk-core (2.3.22)
      jmespath (~> 1.0)
    aws-sdk-resources (2.3.22)
      aws-sdk-core (= 2.3.22)
    aws-sdk-v1 (1.66.0)
      json (~> 1.4)
      nokogiri (>= 1.4.4)
    backports (3.6.8)
    beefcake (1.2.0)
    benchmark-ips (2.7.2)
    bindata (2.3.5)
    bson (3.2.6-java)
    buftok (0.2.0)
    builder (3.2.3)
    bunny (1.7.1)
      amq-protocol (~> 1.9.2)
    cabin (0.8.1)
    ceph-ruby-ffi19 (1.3)
      activesupport (>= 3.0.0)
      ffi (~> 1.9.10)
    childprocess (0.6.2)
      ffi (~> 1.0, >= 1.0.11)
    ci_reporter (2.0.0)
      builder (>= 2.1.2)
    ci_reporter_rspec (1.0.0)
      ci_reporter (~> 2.0)
      rspec (>= 2.14, < 4)
    cinch (2.3.3)
    clamp (0.6.5)
    coderay (1.1.1)
    concurrent-ruby (0.9.2-java)
    coveralls (0.8.19)
      json (>= 1.8, < 3)
      simplecov (~> 0.12.0)
      term-ansicolor (~> 1.3)
      thor (~> 0.19.1)
      tins (~> 1.6)
    diff-lcs (1.3)
    docile (1.1.5)
    docker-api (1.31.0)
      excon (>= 0.38.0)
      json
    domain_name (0.5.20170223)
      unf (>= 0.0.5, < 1.0.0)
    edn (1.1.1)
    elasticsearch (1.1.2)
      elasticsearch-api (= 1.1.2)
      elasticsearch-transport (= 1.1.2)
    elasticsearch-api (1.1.2)
      multi_json
    elasticsearch-transport (1.1.2)
      faraday
      multi_json
    equalizer (0.0.10)
    excon (0.55.0)
    extlib (0.9.16)
    faraday (0.9.2)
      multipart-post (>= 1.2, < 3)
    faraday_middleware (0.11.0.1)
      faraday (>= 0.7.4, < 1.0)
    ffi (1.9.18-java)
    ffi-rzmq (2.0.5)
      ffi-rzmq-core (>= 1.0.6)
    ffi-rzmq-core (1.0.6)
      ffi
    file-dependencies (0.1.6)
      minitar
    filesize (0.0.4)
    filewatch (0.9.0)
    fivemat (1.3.3)
    flores (0.0.7)
    fpm (1.3.3)
      arr-pm (~> 0.0.9)
      backports (>= 2.6.2)
      cabin (>= 0.6.0)
      childprocess
      clamp (~> 0.6)
      ffi
      json (>= 1.7.7)
    ftw (0.0.45)
      addressable (~> 2.2)
      backports (>= 2.6.2)
      cabin (> 0)
      http_parser.rb (~> 0.6)
    gelf (1.3.2)
      json
    gelfd (0.2.0)
    gem_publisher (1.5.0)
    gems (0.8.3)
    gene_pool (1.4.1)
      thread_safe
    geoip (1.6.3)
    gmetric (0.1.3)
    google-api-client (0.8.7)
      activesupport (>= 3.2, < 5.0)
      addressable (~> 2.3)
      autoparse (~> 0.3)
      extlib (~> 0.9)
      faraday (~> 0.9)
      googleauth (~> 0.3)
      launchy (~> 2.4)
      multi_json (~> 1.10)
      retriable (~> 1.4)
      signet (~> 0.6)
    googleauth (0.5.1)
      faraday (~> 0.9)
      jwt (~> 1.4)
      logging (~> 2.0)
      memoist (~> 0.12)
      multi_json (~> 1.11)
      os (~> 0.9)
      signet (~> 0.7)
    hashie (3.5.5)
    hipchat (1.5.4)
      httparty
      mimemagic
    hitimes (1.2.4-java)
    http (0.9.9)
      addressable (~> 2.3)
      http-cookie (~> 1.0)
      http-form_data (~> 1.0.1)
      http_parser.rb (~> 0.6.0)
    http-cookie (1.0.3)
      domain_name (~> 0.5)
    http-form_data (1.0.1)
    http_parser.rb (0.6.0-java)
    httparty (0.14.0)
      multi_xml (>= 0.5.2)
    i18n (0.6.9)
    insist (1.0.0)
    jar-dependencies (0.3.11)
    jdbc-sqlite3 (3.15.1)
    jls-grok (0.11.4)
      cabin (>= 0.6.0)
    jls-lumberjack (0.0.26)
      concurrent-ruby
    jmespath (1.3.1)
    jmx4r (0.1.4)
    jrjackson (0.3.9-java)
    jruby-jms (1.2.0-java)
      gene_pool
      semantic_logger
    jruby-kafka (1.5.0-java)
      jar-dependencies (~> 0)
      ruby-maven (~> 3.3.8)
    jruby-openssl (0.9.16-java)
    jruby-win32ole (0.8.5)
    json (1.8.6-java)
    jwt (1.5.6)
    kramdown (1.13.2)
    launchy (2.4.3-java)
      addressable (~> 2.3)
      spoon (~> 0.0.1)
    little-plugger (1.1.4)
    logging (2.2.0)
      little-plugger (~> 1.1)
      multi_json (~> 1.10)
    logstash-codec-avro (2.0.4)
      avro
      logstash-core-plugin-api (~> 1.0)
    logstash-codec-cef (2.1.3)
      logstash-core-plugin-api (~> 1.0)
    logstash-codec-cloudfront (2.0.4)
      logstash-core-plugin-api (~> 1.0)
    logstash-codec-collectd (2.0.4)
      logstash-core-plugin-api (~> 1.0)
    logstash-codec-compress_spooler (2.0.4-java)
      logstash-core-plugin-api (~> 1.0)
      msgpack-jruby
    logstash-codec-csv (0.1.2)
      logstash-core-plugin-api (~> 1.0)
    logstash-codec-dots (2.0.4)
      logstash-core-plugin-api (~> 1.0)
    logstash-codec-edn (2.0.4)
      edn
      logstash-core-plugin-api (~> 1.0)
    logstash-codec-edn_lines (2.0.4)
      edn
      logstash-codec-line
      logstash-core-plugin-api (~> 1.0)
    logstash-codec-es_bulk (2.0.4)
      logstash-codec-line
      logstash-core-plugin-api (~> 1.0)
    logstash-codec-fluent (2.0.4-java)
      logstash-core-plugin-api (~> 1.0)
      msgpack-jruby
    logstash-codec-graphite (2.0.4)
      logstash-codec-line
      logstash-core-plugin-api (~> 1.0)
    logstash-codec-gzip_lines (2.0.4)
      logstash-codec-plain
      logstash-core-plugin-api (~> 1.0)
    logstash-codec-json (2.1.4)
      logstash-core-plugin-api (~> 1.0)
    logstash-codec-json_lines (2.1.3)
      logstash-codec-line (>= 2.1.0)
      logstash-core-plugin-api (~> 1.0)
    logstash-codec-line (2.1.2)
      logstash-core-plugin-api (~> 1.0)
    logstash-codec-msgpack (2.0.4-java)
      logstash-core-plugin-api (~> 1.0)
      msgpack-jruby
    logstash-codec-multiline (2.0.11)
      jls-grok (~> 0.11.1)
      logstash-core-plugin-api (~> 1.0)
      logstash-patterns-core
    logstash-codec-netflow (2.1.1)
      bindata (>= 1.5.0)
      logstash-core-plugin-api (~> 1.0)
    logstash-codec-nmap (0.0.18)
      logstash-core-plugin-api (>= 1.60, <= 2.99)
      ruby-nmap (~> 0.8.0)
    logstash-codec-oldlogstashjson (2.0.4)
      logstash-core-plugin-api (~> 1.0)
    logstash-codec-plain (2.0.4)
      logstash-core-plugin-api (~> 1.0)
    logstash-codec-protobuf (0.1.3)
      logstash-core-plugin-api (>= 1.60, <= 2.99)
      ruby-protocol-buffers
    logstash-codec-rubydebug (2.0.7)
      awesome_print
      logstash-core-plugin-api (~> 1.0)
    logstash-codec-s3plain (2.0.4)
      logstash-core-plugin-api (~> 1.0)
      logstash-devutils
    logstash-codec-sflow (1.2.1)
      bindata (>= 2.3.0)
      logstash-core (>= 1.4.0, < 3.0.0)
      lru_redux (>= 1.1.0)
      snmp (>= 1.2.0)
    logstash-core (2.4.1-java)
      cabin (~> 0.8.0)
      clamp (~> 0.6.5)
      concurrent-ruby (= 0.9.2)
      filesize (= 0.0.4)
      gems (~> 0.8.3)
      i18n (= 0.6.9)
      jrjackson (~> 0.3.7)
      jruby-openssl (= 0.9.16)
      logstash-core-event (= 2.4.1)
      minitar (~> 0.5.4)
      pry (~> 0.10.1)
      rubyzip (~> 1.1.7)
      stud (~> 0.0.19)
      thread_safe (~> 0.3.5)
      treetop (< 1.5.0)
    logstash-core-event (2.4.1-java)
    logstash-core-plugin-api (1.60.5-java)
      logstash-core (>= 2.4.1, <= 2.4.99)
    logstash-devutils (0.0.22-java)
      fivemat
      gem_publisher
      insist (= 1.0.0)
      kramdown
      minitar
      rake
      rspec (~> 3.0)
      rspec-wait
      stud (>= 0.0.20)
    logstash-filter-age (1.0.0)
      logstash-core-plugin-api (>= 1.60, <= 2.99)
    logstash-filter-aggregate (2.5.1)
      logstash-core-plugin-api (>= 1.60, <= 2.99)
    logstash-filter-alter (2.0.5)
      logstash-core-plugin-api (~> 1.0)
    logstash-filter-anonymize (2.0.4)
      logstash-core-plugin-api (~> 1.0)
      murmurhash3
    logstash-filter-checksum (2.0.4)
      logstash-core-plugin-api (~> 1.0)
    logstash-filter-cidr (2.0.4)
      logstash-core-plugin-api (~> 1.0)
    logstash-filter-cipher (2.0.5)
      logstash-core-plugin-api (~> 1.0)
    logstash-filter-clone (2.0.6)
      logstash-core-plugin-api (~> 1.0)
    logstash-filter-cloudfoundry (0.4.0)
      logstash-core (>= 1.4.0, < 3.0.0)
    logstash-filter-collate (2.0.4)
      logstash-core-plugin-api (~> 1.0)
      rufus-scheduler (~> 3.0.9)
    logstash-filter-csv (2.1.3)
      logstash-core-plugin-api (~> 1.0)
    logstash-filter-date (2.1.6)
      logstash-core-plugin-api (~> 1.0)
    logstash-filter-de_dot (1.0.0)
      logstash-core-plugin-api (>= 1.60, <= 2.99)
    logstash-filter-dissect (1.0.6)
      logstash-core-plugin-api (>= 1.60, <= 2.99)
    logstash-filter-dns (2.1.3)
      logstash-core-plugin-api (~> 1.0)
      lru_redux (~> 1.1.0)
    logstash-filter-drop (2.0.4)
      logstash-core-plugin-api (~> 1.0)
    logstash-filter-elapsed (3.0.2)
      logstash-core-plugin-api (~> 1.0)
    logstash-filter-elasticsearch (2.1.1)
      elasticsearch
      logstash-core-plugin-api (~> 1.0)
    logstash-filter-environment (2.0.6)
      logstash-core-plugin-api (~> 1.0)
    logstash-filter-extractnumbers (2.0.4)
      logstash-core-plugin-api (~> 1.0)
    logstash-filter-fingerprint (2.0.5)
      logstash-core-plugin-api (~> 1.0)
      murmurhash3
    logstash-filter-geoip (2.0.7)
      geoip (>= 1.3.2)
      logstash-core-plugin-api (~> 1.0)
      lru_redux (~> 1.1.0)
    logstash-filter-grok (2.0.5)
      jls-grok (~> 0.11.1)
      logstash-core-plugin-api (~> 1.0)
      logstash-patterns-core
    logstash-filter-i18n (2.0.4)
      i18n (>= 0.6.6)
      logstash-core-plugin-api (~> 1.0)
    logstash-filter-json (2.0.6)
      logstash-core-plugin-api (~> 1.0)
    logstash-filter-json_encode (2.0.4)
      logstash-core-plugin-api (~> 1.0)
    logstash-filter-kv (2.1.0)
      logstash-core-plugin-api (~> 1.0)
    logstash-filter-lookup (2.0.0)
      logstash-core (>= 1.5.0, < 3.0.0)
      rest-client (>= 1.8.0)
    logstash-filter-math (0.2)
      logstash-core (>= 1.4.0, < 3.0.0)
    logstash-filter-metaevent (2.0.4)
      logstash-core-plugin-api (~> 1.0)
    logstash-filter-metricize (2.0.4)
      logstash-core-plugin-api (~> 1.0)
    logstash-filter-metrics (3.0.2)
      logstash-core-plugin-api (~> 1.0)
      metriks
      thread_safe
    logstash-filter-multiline (2.0.5)
      jls-grok (~> 0.11.0)
      logstash-core-plugin-api (~> 1.0)
      logstash-patterns-core
    logstash-filter-mutate (2.0.6)
      logstash-core-plugin-api (~> 1.0)
      logstash-filter-grok
      logstash-patterns-core
    logstash-filter-oui (2.0.4)
      logstash-core-plugin-api (~> 1.0)
      oui-offline (>= 1.2.6)
    logstash-filter-prune (2.0.6)
      logstash-core-plugin-api (~> 1.0)
    logstash-filter-punct (2.0.4)
      logstash-core-plugin-api (~> 1.0)
    logstash-filter-range (2.0.4)
      logstash-core-plugin-api (~> 1.0)
    logstash-filter-ruby (2.0.5)
      logstash-core-plugin-api (~> 1.0)
      logstash-filter-date
    logstash-filter-sleep (2.0.4)
      logstash-core-plugin-api (~> 1.0)
    logstash-filter-split (2.0.5)
      logstash-core-plugin-api (~> 1.0)
    logstash-filter-syslog_pri (2.0.4)
      logstash-core-plugin-api (~> 1.0)
    logstash-filter-throttle (2.0.4)
      logstash-core-plugin-api (~> 1.0)
    logstash-filter-tld (2.0.4)
      logstash-core-plugin-api (~> 1.0)
      public_suffix (= 1.4.6)
    logstash-filter-translate (2.1.4)
      logstash-core-plugin-api (~> 1.0)
    logstash-filter-truncate (1.0.0)
      logstash-core-plugin-api (>= 1.60, <= 2.99)
    logstash-filter-unique (2.0.4)
      logstash-core-plugin-api (~> 1.0)
    logstash-filter-urldecode (2.0.4)
      logstash-core-plugin-api (~> 1.0)
    logstash-filter-useragent (2.0.8)
      logstash-core-plugin-api (~> 1.0)
      lru_redux (~> 1.1.0)
      user_agent_parser (>= 2.0.0)
    logstash-filter-uuid (2.0.5)
      logstash-core-plugin-api (~> 1.0)
    logstash-filter-xml (2.2.0)
      logstash-core-plugin-api (~> 1.0)
      nokogiri
      xml-simple
    logstash-filter-zeromq (2.1.1)
      logstash-core-plugin-api (~> 1.0)
      logstash-mixin-zeromq (>= 2.0.1)
    logstash-input-beats (3.1.14-java)
      concurrent-ruby (>= 0.9.2, <= 1.0.0)
      jar-dependencies (~> 0.3.4)
      logstash-codec-multiline (>= 2.0.5)
      logstash-codec-plain
      logstash-core-plugin-api (>= 1.60, <= 2.99)
      thread_safe (~> 0.3.5)
    logstash-input-cloudwatch (1.1.3)
      logstash-codec-plain
      logstash-core-plugin-api (~> 1.0)
      logstash-mixin-aws
      stud (>= 0.0.19)
    logstash-input-couchdb_changes (2.0.4)
      json
      logstash-codec-plain
      logstash-core-plugin-api (~> 1.0)
      stud (>= 0.0.22)
    logstash-input-elasticsearch (2.0.5)
      elasticsearch (~> 1.0, >= 1.0.6)
      logstash-codec-json
      logstash-core-plugin-api (~> 1.0)
    logstash-input-eventlog (3.0.3)
      logstash-codec-plain
      logstash-core-plugin-api (~> 1.0)
      stud (~> 0.0.22)
      win32-eventlog (~> 0.6.5)
    logstash-input-exec (2.0.6)
      logstash-codec-plain
      logstash-core-plugin-api (~> 1.0)
      stud (~> 0.0.22)
    logstash-input-file (2.2.5)
      addressable
      filewatch (~> 0.8, >= 0.8.1)
      logstash-codec-multiline (~> 2.0.7)
      logstash-codec-plain
      logstash-core-plugin-api (~> 1.0)
    logstash-input-fluentd (2.0.4)
      logstash-codec-plain
      logstash-core-plugin-api (~> 1.0)
      stud
    logstash-input-ganglia (2.0.6)
      logstash-codec-plain
      logstash-core-plugin-api (~> 1.0)
      stud (~> 0.0.22)
    logstash-input-gelf (2.0.7)
      gelfd (= 0.2.0)
      logstash-codec-plain
      logstash-core-plugin-api (~> 1.0)
      stud (~> 0.0.22)
    logstash-input-gemfire (2.0.4)
      ftw (~> 0.0.40)
      logstash-core-plugin-api (~> 1.0)
    logstash-input-generator (2.0.4)
      logstash-codec-plain
      logstash-core-plugin-api (~> 1.0)
    logstash-input-github (2.0.5)
      addressable
      ftw (~> 0.0.42)
      logstash-codec-plain
      logstash-core-plugin-api (~> 1.0)
    logstash-input-google_pubsub (0.9.0)
      google-api-client (~> 0.8.6, < 0.9)
      logstash-codec-plain
      logstash-core (>= 2.0.0, < 3.0.0)
      stud (>= 0.0.22)
    logstash-input-graphite (2.0.7)
      logstash-core-plugin-api (~> 1.0)
      logstash-input-tcp
    logstash-input-heartbeat (2.0.4)
      logstash-codec-plain
      logstash-core-plugin-api (~> 1.0)
      stud
    logstash-input-http (2.2.3)
      logstash-codec-plain
      logstash-core-plugin-api (~> 1.0)
      puma (~> 2.16, >= 2.16.0)
      rack (~> 1)
      stud
    logstash-input-http_poller (2.1.0)
      logstash-codec-plain
      logstash-core-plugin-api (~> 1.0)
      logstash-mixin-http_client (>= 2.2.4, < 3.0.0)
      rufus-scheduler (~> 3.0.9)
      stud (~> 0.0.22)
    logstash-input-imap (2.0.5)
      logstash-codec-plain
      logstash-core-plugin-api (~> 1.0)
      mail
      stud (~> 0.0.22)
    logstash-input-irc (2.0.5)
      cinch
      logstash-codec-plain
      logstash-core-plugin-api (~> 1.0)
      stud (~> 0.0.22)
    logstash-input-jdbc (3.1.0)
      logstash-codec-plain
      logstash-core-plugin-api (~> 1.0)
      rufus-scheduler
      sequel
      tzinfo
      tzinfo-data
    logstash-input-jms (2.0.4-java)
      jruby-jms (>= 1.2.0)
      logstash-codec-json
      logstash-codec-plain
      logstash-core-plugin-api (~> 1.0)
    logstash-input-jmx (2.0.4)
      jmx4r
      logstash-core-plugin-api (~> 1.0)
    logstash-input-kafka (2.1.0)
      jruby-kafka (= 1.5.0)
      logstash-codec-json
      logstash-codec-plain
      logstash-core-plugin-api (~> 1.0)
      stud (>= 0.0.22, < 0.1.0)
    logstash-input-kinesis (1.6.0-java)
      logstash-core-plugin-api (~> 1.0)
    logstash-input-log4j (2.0.7-java)
      logstash-codec-plain
      logstash-core-plugin-api (~> 1.0)
    logstash-input-lumberjack (2.0.7)
      concurrent-ruby
      jls-lumberjack (~> 0.0.26)
      logstash-codec-multiline (~> 2.0.4)
      logstash-codec-plain
      logstash-core-plugin-api (~> 1.0)
    logstash-input-meetup (2.0.4)
      addressable
      logstash-core-plugin-api (~> 1.0)
    logstash-input-pipe (2.0.4)
      logstash-codec-plain
      logstash-core-plugin-api (~> 1.0)
      stud (~> 0.0.22)
    logstash-input-puppet_facter (2.0.4)
      logstash-core-plugin-api (~> 1.0)
    logstash-input-rabbitmq (4.1.0)
      logstash-codec-json
      logstash-core-plugin-api (~> 1.0)
      logstash-mixin-rabbitmq_connection (>= 4.1.1, < 5.0.0)
    logstash-input-redis (2.0.6)
      logstash-codec-json
      logstash-core-plugin-api (~> 1.0)
      redis
    logstash-input-relp (2.0.5)
      logstash-codec-plain
      logstash-core-plugin-api (~> 1.0)
    logstash-input-rss (2.0.5)
      addressable
      faraday
      logstash-codec-plain
      logstash-core-plugin-api (~> 1.0)
      stud (~> 0.0.22)
    logstash-input-s3 (2.0.6)
      logstash-core-plugin-api (~> 1.0)
      logstash-mixin-aws
      stud (~> 0.0.18)
    logstash-input-salesforce (2.0.4)
      logstash-codec-plain
      logstash-core-plugin-api (~> 1.0)
      restforce
    logstash-input-snmptrap (2.0.4)
      logstash-codec-plain
      logstash-core-plugin-api (~> 1.0)
      snmp
    logstash-input-sqlite (2.0.4)
      jdbc-sqlite3
      logstash-core-plugin-api (~> 1.0)
      sequel
    logstash-input-sqs (2.0.5)
      logstash-codec-json
      logstash-core-plugin-api (~> 1.0)
      logstash-mixin-aws (>= 1.0.0)
    logstash-input-stdin (2.0.4)
      concurrent-ruby
      logstash-codec-json
      logstash-codec-json_lines
      logstash-codec-line
      logstash-codec-plain
      logstash-core-plugin-api (~> 1.0)
    logstash-input-stomp (2.0.5)
      logstash-codec-plain
      logstash-core-plugin-api (~> 1.0)
      onstomp
    logstash-input-syslog (2.0.5)
      concurrent-ruby
      logstash-codec-plain
      logstash-core-plugin-api (~> 1.0)
      logstash-filter-date
      logstash-filter-grok
      stud (>= 0.0.22, < 0.1.0)
      thread_safe
    logstash-input-tcp (3.0.6)
      logstash-codec-json
      logstash-codec-json_lines
      logstash-codec-line
      logstash-codec-plain
      logstash-core-plugin-api (~> 1.0)
    logstash-input-twitter (2.2.2)
      logstash-core-plugin-api (~> 1.0)
      stud (>= 0.0.22, < 0.1)
      twitter (= 5.15.0)
    logstash-input-udp (2.0.5)
      logstash-codec-plain
      logstash-core-plugin-api (~> 1.0)
      stud (~> 0.0.22)
    logstash-input-unix (2.0.6)
      logstash-codec-line
      logstash-core-plugin-api (~> 1.0)
    logstash-input-varnishlog (2.0.4)
      logstash-core-plugin-api (~> 1.0)
      varnish-rb
    logstash-input-websocket (3.0.2)
      ftw (~> 0.0.40)
      logstash-codec-json
      logstash-core-plugin-api (~> 1.0)
    logstash-input-wmi (2.0.5-java)
      jruby-win32ole
      logstash-core-plugin-api (~> 1.0)
    logstash-input-xmpp (2.0.5)
      logstash-codec-plain
      logstash-core-plugin-api (~> 1.0)
      xmpp4r (= 0.5)
    logstash-input-zenoss (2.0.4)
      amq-protocol (< 2.0.0)
      beefcake
      bunny (< 2.0.0)
      logstash-core-plugin-api (~> 1.0)
      logstash-input-rabbitmq
    logstash-input-zeromq (2.0.4)
      ffi-rzmq (~> 2.0.4)
      logstash-codec-json
      logstash-core-plugin-api (~> 1.0)
    logstash-mixin-aws (4.2.1)
      aws-sdk (~> 2.3.0)
      aws-sdk-v1 (>= 1.61.0)
      logstash-codec-plain
      logstash-core-plugin-api (>= 1.60, <= 2.99)
    logstash-mixin-http_client (2.2.4)
      logstash-codec-plain
      logstash-core-plugin-api (~> 1.0)
      manticore (>= 0.5.2, < 1.0.0)
    logstash-mixin-rabbitmq_connection (4.2.2-java)
      march_hare (~> 2.22.0)
      stud (~> 0.0.22)
    logstash-mixin-zeromq (2.0.2)
      ffi-rzmq (~> 2.0.4)
      logstash-core (>= 2.0.0, < 3.0.0)
    logstash-output-boundary (2.0.4)
      logstash-core-plugin-api (~> 1.0)
    logstash-output-circonus (2.0.4)
      logstash-core-plugin-api (~> 1.0)
    logstash-output-cloudwatch (2.0.4)
      aws-sdk
      logstash-core-plugin-api (~> 1.0)
      logstash-mixin-aws
      rufus-scheduler (~> 3.0.9)
    logstash-output-csv (2.0.5)
      logstash-core-plugin-api (~> 1.0)
      logstash-filter-json
      logstash-input-generator
      logstash-output-file
    logstash-output-datadog (2.0.4)
      logstash-core-plugin-api (~> 1.0)
    logstash-output-datadog_metrics (2.0.4)
      logstash-codec-plain (>= 1.0.0)
      logstash-core-plugin-api (~> 1.0)
    logstash-output-elasticsearch (2.7.1-java)
      cabin (~> 0.6)
      concurrent-ruby
      elasticsearch (~> 1.0, >= 1.0.13)
      logstash-core-plugin-api (~> 1.0)
      manticore (>= 0.5.4, < 1.0.0)
      stud (~> 0.0, >= 0.0.17)
    logstash-output-elasticsearch-ec2 (2.0.4)
      logstash-core-plugin-api (~> 1.0)
      logstash-output-elasticsearch (>= 0.2.2)
    logstash-output-elasticsearch_java (2.1.3)
      cabin (~> 0.6)
      concurrent-ruby
      elasticsearch (~> 1.0, >= 1.0.13)
      logstash-core-plugin-api (~> 1.0)
      logstash-output-elasticsearch (>= 2.1.4)
      stud (~> 0.0, >= 0.0.17)
    logstash-output-email (3.0.5)
      logstash-core-plugin-api (~> 1.0)
      mail (= 2.6.3)
    logstash-output-exec (2.0.5)
      logstash-core-plugin-api (~> 1.0)
    logstash-output-file (2.2.5)
      logstash-codec-json_lines
      logstash-codec-line
      logstash-core-plugin-api (~> 1.0)
    logstash-output-ganglia (2.0.4)
      gmetric (= 0.1.3)
      logstash-codec-plain
      logstash-core-plugin-api (~> 1.0)
    logstash-output-gelf (2.0.5)
      gelf (= 1.3.2)
      logstash-codec-plain
      logstash-core-plugin-api (~> 1.0)
    logstash-output-google_bigquery (3.0.1)
      google-api-client (~> 0.8.7)
      logstash-codec-plain
      logstash-core-plugin-api (>= 1.60, <= 2.99)
      mime-types (~> 2)
    logstash-output-graphite (2.0.5)
      logstash-core-plugin-api (~> 1.0)
    logstash-output-graphtastic (2.0.4)
      logstash-core-plugin-api (~> 1.0)
    logstash-output-hipchat (3.0.4)
      hipchat
      logstash-codec-plain
      logstash-core-plugin-api (~> 1.0)
    logstash-output-http (2.1.3)
      logstash-core-plugin-api (~> 1.0)
      logstash-mixin-http_client (>= 2.2.1, < 3.0.0)
    logstash-output-influxdb (3.1.2)
      logstash-core-plugin-api (~> 1.0)
      manticore
      stud
    logstash-output-irc (2.0.4)
      cinch
      logstash-codec-plain
      logstash-core-plugin-api (~> 1.0)
    logstash-output-jms (2.0.4)
      jruby-jms
      logstash-codec-json
      logstash-codec-plain
      logstash-core-plugin-api (~> 1.0)
    logstash-output-juggernaut (2.0.4)
      logstash-core-plugin-api (~> 1.0)
      redis
    logstash-output-kafka (2.0.5)
      jruby-kafka (= 1.5.0)
      logstash-codec-json
      logstash-codec-plain
      logstash-core-plugin-api (~> 1.0)
    logstash-output-librato (2.0.4)
      logstash-core-plugin-api (~> 1.0)
    logstash-output-loggly (2.0.5)
      logstash-core-plugin-api (~> 1.0)
    logstash-output-lumberjack (2.0.6)
      jls-lumberjack (>= 0.0.26)
      logstash-core-plugin-api (~> 1.0)
      stud
    logstash-output-metriccatcher (2.0.4)
      logstash-core-plugin-api (~> 1.0)
    logstash-output-monasca_log_api (0.5.3)
      logstash-codec-json (~> 2.0)
      logstash-codec-plain (~> 2.0)
      logstash-core (~> 2.0)
    logstash-output-mongodb (2.0.5)
      logstash-codec-plain
      logstash-core-plugin-api (~> 1.0)
      mongo (~> 2.0.6)
    logstash-output-nagios (2.0.4)
      logstash-codec-plain
      logstash-core-plugin-api (~> 1.0)
    logstash-output-nagios_nsca (2.0.5)
      logstash-codec-plain
      logstash-core-plugin-api (~> 1.0)
    logstash-output-null (2.0.4)
      logstash-codec-plain
      logstash-core-plugin-api (~> 1.0)
    logstash-output-opentsdb (2.0.4)
      logstash-core-plugin-api (~> 1.0)
    logstash-output-pagerduty (2.0.4)
      logstash-codec-plain
      logstash-core-plugin-api (~> 1.0)
    logstash-output-pipe (2.0.4)
      logstash-codec-plain
      logstash-core-plugin-api (~> 1.0)
    logstash-output-rabbitmq (3.1.2-java)
      logstash-core-plugin-api (~> 1.0)
      logstash-mixin-rabbitmq_connection (>= 4.1.1, < 5.0.0)
    logstash-output-rados (1.0.1)
      ceph-ruby-ffi19
      logstash-core (>= 2.0.0.beta2, < 3.0.0)
      stud (~> 0.0.22)
    logstash-output-redis (2.0.5)
      logstash-core-plugin-api (~> 1.0)
      redis
      stud
    logstash-output-redmine (2.0.4)
      logstash-core-plugin-api (~> 1.0)
    logstash-output-riemann (2.0.5)
      logstash-core-plugin-api (~> 1.0)
      riemann-client (= 0.2.1)
    logstash-output-s3 (2.0.7)
      logstash-core-plugin-api (~> 1.0)
      logstash-mixin-aws
      stud (~> 0.0.22)
    logstash-output-sns (3.0.4)
      logstash-core-plugin-api (~> 1.0)
      logstash-mixin-aws (>= 1.0.0)
    logstash-output-solr_http (2.0.4)
      logstash-core-plugin-api (~> 1.0)
      rsolr
      stud
      uuidtools
    logstash-output-sqs (2.0.5)
      aws-sdk
      logstash-core-plugin-api (~> 1.0)
      logstash-mixin-aws (>= 1.0.0)
      stud
    logstash-output-statsd (2.0.7)
      logstash-core-plugin-api (~> 1.0)
      logstash-input-generator
      statsd-ruby (= 1.2.0)
    logstash-output-stdout (2.0.6)
      logstash-codec-line
      logstash-core-plugin-api (~> 1.0)
    logstash-output-stomp (2.0.5)
      logstash-core-plugin-api (~> 1.0)
      onstomp
    logstash-output-syslog (2.1.4)
      logstash-codec-plain
      logstash-core-plugin-api (~> 1.0)
    logstash-output-tcp (2.0.4)
      logstash-codec-json
      logstash-core-plugin-api (~> 1.0)
      stud
    logstash-output-udp (2.0.4)
      logstash-codec-json
      logstash-core-plugin-api (~> 1.0)
    logstash-output-websocket (2.0.4)
      ftw (~> 0.0.40)
      logstash-codec-plain
      logstash-core-plugin-api (~> 1.0)
      sinatra (~> 1.4.6)
    logstash-output-xmpp (2.0.4)
      logstash-core-plugin-api (~> 1.0)
      xmpp4r (= 0.5)
    logstash-output-zabbix (2.0.2)
      logstash-codec-plain
      logstash-core-plugin-api (~> 1.0)
      zabbix_protocol
    logstash-output-zeromq (2.1.0)
      logstash-codec-json
      logstash-core (>= 2.0.0.beta2, < 3.0.0)
      logstash-core-plugin-api (~> 1.0)
      logstash-mixin-zeromq (>= 2.0.0)
    logstash-output-zookeeper (1.0.0)
      logstash-codec-plain
      logstash-core (>= 2.0.0, < 3.0.0)
      zk (>= 1.9.6)
    logstash-patterns-core (2.0.5)
      logstash-core-plugin-api (~> 1.0)
    lru_redux (1.1.0)
    mail (2.6.3)
      mime-types (>= 1.16, < 3)
    manticore (0.6.1-java)
    march_hare (2.22.0-java)
    memoist (0.15.0)
    memoizable (0.4.2)
      thread_safe (~> 0.3, >= 0.3.1)
    method_source (0.8.2)
    metriks (0.9.9.7)
      atomic (~> 1.0)
      avl_tree (~> 1.2.0)
      hitimes (~> 1.1)
    mime-types (2.99.3)
    mimemagic (0.3.2)
    minitar (0.5.4)
    minitest (5.10.1)
    mongo (2.0.6)
      bson (~> 3.0)
    msgpack-jruby (1.4.1-java)
    mtrc (0.0.4)
    multi_json (1.12.1)
    multi_xml (0.6.0)
    multipart-post (2.0.0)
    murmurhash3 (0.1.6-java)
    naught (1.1.0)
    netrc (0.11.0)
    nokogiri (1.7.1-java)
    octokit (3.8.0)
      sawyer (~> 0.6.0, >= 0.5.3)
    onstomp (1.0.9)
    os (0.9.6)
    oui-offline (1.2.7-java)
      jdbc-sqlite3
      sequel (~> 4)
    polyglot (0.3.5)
    pry (0.10.4-java)
      coderay (~> 1.1.0)
      method_source (~> 0.8.1)
      slop (~> 3.4)
      spoon (~> 0.0)
    public_suffix (1.4.6)
    puma (2.16.0-java)
    rack (1.6.5)
    rack-protection (1.5.3)
      rack
    rake (12.0.0)
    redis (3.3.3)
    rest-client (1.8.0)
      http-cookie (>= 1.0.2, < 2.0)
      mime-types (>= 1.16, < 3.0)
      netrc (~> 0.7)
    restforce (2.4.2)
      faraday (~> 0.9.0)
      faraday_middleware (>= 0.8.8)
      hashie (>= 1.2.0, < 4.0)
      json (>= 1.7.5)
    retriable (1.4.1)
    riemann-client (0.2.1)
      beefcake (>= 0.3.5)
      mtrc (>= 0.0.4)
      trollop (>= 1.16.2)
    rprogram (0.3.2)
    rsolr (1.1.2)
      builder (>= 2.1.2)
    rspec (3.1.0)
      rspec-core (~> 3.1.0)
      rspec-expectations (~> 3.1.0)
      rspec-mocks (~> 3.1.0)
    rspec-core (3.1.7)
      rspec-support (~> 3.1.0)
    rspec-expectations (3.1.2)
      diff-lcs (>= 1.2.0, < 2.0)
      rspec-support (~> 3.1.0)
    rspec-mocks (3.1.3)
      rspec-support (~> 3.1.0)
    rspec-support (3.1.2)
    rspec-wait (0.0.9)
      rspec (>= 3, < 4)
    ruby-maven (3.3.12)
      ruby-maven-libs (~> 3.3.9)
    ruby-maven-libs (3.3.9)
    ruby-nmap (0.8.0)
      nokogiri (~> 1.3)
      rprogram (~> 0.3)
    ruby-protocol-buffers (1.6.1)
    rubyzip (1.1.7)
    rufus-scheduler (3.0.9)
      tzinfo
    sawyer (0.6.0)
      addressable (~> 2.3.5)
      faraday (~> 0.8, < 0.10)
    semantic_logger (2.18.0)
      sync_attr (~> 2.0)
      thread_safe (~> 0.1)
    sequel (4.44.0)
    signet (0.7.3)
      addressable (~> 2.3)
      faraday (~> 0.9)
      jwt (~> 1.5)
      multi_json (~> 1.10)
    simple_oauth (0.3.1)
    simplecov (0.12.0)
      docile (~> 1.1.0)
      json (>= 1.8, < 3)
      simplecov-html (~> 0.10.0)
    simplecov-html (0.10.0)
    sinatra (1.4.8)
      rack (~> 1.5)
      rack-protection (~> 1.4)
      tilt (>= 1.3, < 3)
    slop (3.6.0)
    slyphon-log4j (1.2.15)
    slyphon-zookeeper_jar (3.3.5-java)
    snmp (1.2.0)
    spoon (0.0.6)
      ffi
    statsd-ruby (1.2.0)
    stud (0.0.22)
    sync_attr (2.0.0)
    term-ansicolor (1.3.2)
      tins (~> 1.0)
    thor (0.19.4)
    thread_safe (0.3.6-java)
    tilt (2.0.7)
    tins (1.6.0)
    treetop (1.4.15)
      polyglot
      polyglot (>= 0.3.1)
    trollop (2.1.2)
    twitter (5.15.0)
      addressable (~> 2.3)
      buftok (~> 0.2.0)
      equalizer (= 0.0.10)
      faraday (~> 0.9.0)
      http (>= 0.4, < 0.10)
      http_parser.rb (~> 0.6.0)
      json (~> 1.8)
      memoizable (~> 0.4.0)
      naught (~> 1.0)
      simple_oauth (~> 0.3.0)
    tzinfo (1.2.2)
      thread_safe (~> 0.1)
    tzinfo-data (1.2017.2)
      tzinfo (>= 1.0.0)
    unf (0.1.4-java)
    user_agent_parser (2.3.0)
    uuidtools (2.1.5)
    varnish-rb (0.2.0)
      ffi
    win32-eventlog (0.6.7)
      ffi
    xml-simple (1.1.5)
    xmpp4r (0.5)
    zabbix_protocol (0.1.5)
      multi_json
    zk (1.9.6)
      zookeeper (~> 1.4.0)
    zookeeper (1.4.11-java)
      slyphon-log4j (= 1.2.15)
      slyphon-zookeeper_jar (= 3.3.5)

PLATFORMS
  java

DEPENDENCIES
  benchmark-ips
  ci_reporter_rspec (= 1.0.0)
  coveralls
  docker-api (= 1.31.0)
  file-dependencies (= 0.1.6)
  flores (~> 0.0.6)
  fpm (~> 1.3.3)
  gems (~> 0.8.3)
  logstash-codec-avro (< 3.0.0)
  logstash-codec-cef (< 3.0.0)
  logstash-codec-cloudfront (< 3.0.0)
  logstash-codec-collectd (< 3.0.0)
  logstash-codec-compress_spooler (< 3.0.0)
  logstash-codec-csv (< 1.0.0)
  logstash-codec-dots (< 3.0.0)
  logstash-codec-edn (< 3.0.0)
  logstash-codec-edn_lines (< 3.0.0)
  logstash-codec-es_bulk (< 3.0.0)
  logstash-codec-fluent (< 3.0.0)
  logstash-codec-graphite (< 3.0.0)
  logstash-codec-gzip_lines (< 3.0.0)
  logstash-codec-json (< 3.0.0)
  logstash-codec-json_lines (< 3.0.0)
  logstash-codec-line (< 3.0.0)
  logstash-codec-msgpack (< 3.0.0)
  logstash-codec-multiline (< 3.0.0)
  logstash-codec-netflow (< 3.0.0)
  logstash-codec-nmap
  logstash-codec-oldlogstashjson (< 3.0.0)
  logstash-codec-plain (< 3.0.0)
  logstash-codec-protobuf (< 1.0.0)
  logstash-codec-rubydebug (< 3.0.0)
  logstash-codec-s3plain (< 3.0.0)
  logstash-codec-sflow (< 2.0.0)
  logstash-core (= 2.4.1)
  logstash-core-event (= 2.4.1)
  logstash-core-plugin-api (= 1.60.5)
  logstash-devutils (~> 0.0.15)
  logstash-filter-age
  logstash-filter-aggregate (< 3.0.0)
  logstash-filter-alter (< 3.0.0)
  logstash-filter-anonymize (< 3.0.0)
  logstash-filter-checksum (< 3.0.0)
  logstash-filter-cidr (< 3.0.0)
  logstash-filter-cipher (< 3.0.0)
  logstash-filter-clone (< 3.0.0)
  logstash-filter-cloudfoundry
  logstash-filter-collate (< 3.0.0)
  logstash-filter-csv (< 3.0.0)
  logstash-filter-date (< 3.0.0)
  logstash-filter-de_dot (< 3.0.0)
  logstash-filter-dissect
  logstash-filter-dns (< 3.0.0)
  logstash-filter-drop (< 3.0.0)
  logstash-filter-elapsed (< 4.0.0)
  logstash-filter-elasticsearch (< 3.0.0)
  logstash-filter-environment (< 3.0.0)
  logstash-filter-extractnumbers (< 3.0.0)
  logstash-filter-fingerprint (< 3.0.0)
  logstash-filter-geoip (< 3.0.0)
  logstash-filter-grok (< 3.0.0)
  logstash-filter-i18n (< 3.0.0)
  logstash-filter-json (< 3.0.0)
  logstash-filter-json_encode (< 3.0.0)
  logstash-filter-kv (< 3.0.0)
  logstash-filter-lookup
  logstash-filter-math
  logstash-filter-metaevent (< 3.0.0)
  logstash-filter-metricize (< 3.0.0)
  logstash-filter-metrics (< 4.0.0)
  logstash-filter-multiline (< 3.0.0)
  logstash-filter-mutate (< 3.0.0)
  logstash-filter-oui (< 3.0.0)
  logstash-filter-prune (< 3.0.0)
  logstash-filter-punct (< 3.0.0)
  logstash-filter-range (< 3.0.0)
  logstash-filter-ruby (< 3.0.0)
  logstash-filter-sleep (< 3.0.0)
  logstash-filter-split (< 3.0.0)
  logstash-filter-syslog_pri (< 3.0.0)
  logstash-filter-throttle (< 3.0.0)
  logstash-filter-tld (< 3.0.0)
  logstash-filter-translate (< 3.0.0)
  logstash-filter-truncate
  logstash-filter-unique (< 3.0.0)
  logstash-filter-urldecode (< 3.0.0)
  logstash-filter-useragent (< 3.0.0)
  logstash-filter-uuid (< 3.0.0)
  logstash-filter-xml (< 3.0.0)
  logstash-filter-zeromq (< 3.0.0)
  logstash-input-beats (~> 3.1.0)
  logstash-input-cloudwatch (< 2.0.0)
  logstash-input-couchdb_changes (< 3.0.0)
  logstash-input-elasticsearch (< 3.0.0)
  logstash-input-eventlog (< 4.0.0)
  logstash-input-exec (< 3.0.0)
  logstash-input-file (< 3.0.0)
  logstash-input-fluentd (< 3.0.0)
  logstash-input-ganglia (< 3.0.0)
  logstash-input-gelf (< 3.0.0)
  logstash-input-gemfire (< 3.0.0)
  logstash-input-generator (< 3.0.0)
  logstash-input-github (< 3.0.0)
  logstash-input-google_pubsub
  logstash-input-graphite (< 3.0.0)
  logstash-input-heartbeat (< 3.0.0)
  logstash-input-http (< 3.0.0)
  logstash-input-http_poller (< 3.0.0)
  logstash-input-imap (< 3.0.0)
  logstash-input-irc (< 3.0.0)
  logstash-input-jdbc (< 4.0.0)
  logstash-input-jms
  logstash-input-jmx (< 3.0.0)
  logstash-input-kafka (< 3.0.0)
  logstash-input-kinesis (< 2.0.0)
  logstash-input-log4j (< 3.0.0)
  logstash-input-lumberjack (< 3.0.0)
  logstash-input-meetup (< 3.0.0)
  logstash-input-pipe (< 3.0.0)
  logstash-input-puppet_facter (< 3.0.0)
  logstash-input-rabbitmq (< 5.0.0)
  logstash-input-redis (< 3.0.0)
  logstash-input-relp (< 3.0.0)
  logstash-input-rss (< 3.0.0)
  logstash-input-s3 (< 3.0.0)
  logstash-input-salesforce (< 3.0.0)
  logstash-input-snmptrap (< 3.0.0)
  logstash-input-sqlite (< 3.0.0)
  logstash-input-sqs (< 3.0.0)
  logstash-input-stdin (< 3.0.0)
  logstash-input-stomp (< 3.0.0)
  logstash-input-syslog (< 3.0.0)
  logstash-input-tcp (< 4.0.0)
  logstash-input-twitter (< 3.0.0)
  logstash-input-udp (< 3.0.0)
  logstash-input-unix (< 3.0.0)
  logstash-input-varnishlog (< 3.0.0)
  logstash-input-websocket (< 4.0.0)
  logstash-input-wmi (< 3.0.0)
  logstash-input-xmpp (< 3.0.0)
  logstash-input-zenoss (< 3.0.0)
  logstash-input-zeromq (< 3.0.0)
  logstash-mixin-aws
  logstash-mixin-http_client
  logstash-mixin-rabbitmq_connection
  logstash-mixin-zeromq
  logstash-output-boundary (< 3.0.0)
  logstash-output-circonus (< 3.0.0)
  logstash-output-cloudwatch (< 3.0.0)
  logstash-output-csv (< 3.0.0)
  logstash-output-datadog (< 3.0.0)
  logstash-output-datadog_metrics (< 3.0.0)
  logstash-output-elasticsearch (< 3.0.0)
  logstash-output-elasticsearch-ec2 (< 3.0.0)
  logstash-output-elasticsearch_java (< 3.0.0)
  logstash-output-email (< 4.0.0)
  logstash-output-exec (< 3.0.0)
  logstash-output-file (< 3.0.0)
  logstash-output-ganglia (< 3.0.0)
  logstash-output-gelf (< 3.0.0)
  logstash-output-google_bigquery
  logstash-output-graphite (< 3.0.0)
  logstash-output-graphtastic (< 3.0.0)
  logstash-output-hipchat (< 4.0.0)
  logstash-output-http (< 3.0.0)
  logstash-output-influxdb (< 4.0.0)
  logstash-output-irc (< 3.0.0)
  logstash-output-jms
  logstash-output-juggernaut (< 3.0.0)
  logstash-output-kafka (< 3.0.0)
  logstash-output-librato (< 3.0.0)
  logstash-output-loggly (< 3.0.0)
  logstash-output-lumberjack (< 3.0.0)
  logstash-output-metriccatcher (< 3.0.0)
  logstash-output-monasca_log_api (< 1.0.0)
  logstash-output-mongodb (< 3.0.0)
  logstash-output-nagios (< 3.0.0)
  logstash-output-nagios_nsca (< 3.0.0)
  logstash-output-null (< 3.0.0)
  logstash-output-opentsdb (< 3.0.0)
  logstash-output-pagerduty (< 3.0.0)
  logstash-output-pipe (< 3.0.0)
  logstash-output-rabbitmq (< 4.0.0)
  logstash-output-rados (< 2.0.0)
  logstash-output-redis (< 3.0.0)
  logstash-output-redmine (< 3.0.0)
  logstash-output-riemann (< 3.0.0)
  logstash-output-s3 (< 3.0.0)
  logstash-output-sns (< 4.0.0)
  logstash-output-solr_http (< 3.0.0)
  logstash-output-sqs (< 3.0.0)
  logstash-output-statsd (< 3.0.0)
  logstash-output-stdout (< 3.0.0)
  logstash-output-stomp (< 3.0.0)
  logstash-output-syslog (< 3.0.0)
  logstash-output-tcp (< 3.0.0)
  logstash-output-udp (< 3.0.0)
  logstash-output-websocket (< 3.0.0)
  logstash-output-xmpp (< 3.0.0)
  logstash-output-zabbix (< 3.0.0)
  logstash-output-zeromq (< 3.0.0)
  logstash-output-zookeeper (< 2.0.0)
  logstash-patterns-core (< 3.0.0)
  octokit (= 3.8.0)
  rest-client (= 1.8.0)
  restforce (= 2.4.2)
  rspec (~> 3.1.0)
  rubyzip (~> 1.1.7)
  simplecov
  stud (~> 0.0.21)
  term-ansicolor (~> 1.3.2)
  tins (= 1.6)
