GEM
  remote: http://rubygems.org/
  specs:
    awesome_print (0.4.0)
    bouncy-castle-java (1.5.0146.1)
    bson (1.3.1-java)
    bunny (0.7.4)
    ffi (1.0.9-java)
    filewatch (0.2.5)
      ffi
    gelf (1.1.3)
      json
    gmetric (0.1.3)
    haml (3.1.2)
    jls-grok (0.4.7)
      ffi (>= 0.6.3)
    jruby-elasticsearch (0.0.10)
    jruby-openssl (0.7.4)
      bouncy-castle-java
    json (1.5.3-java)
    mizuno (0.4.0)
      rack (>= 1.0.0)
    mongo (1.3.1)
      bson (>= 1.3.1)
    rack (1.3.2)
    redis (2.2.2)
    sass (3.1.7)
    sinatra (1.2.6)
      rack (~> 1.1)
      tilt (>= 1.2.2, < 2.0)
    statsd-ruby (0.3.0)
    stomp (1.1.9)
    tilt (1.3.3)
    uuidtools (2.1.2)
    xmpp4r (0.5)

PLATFORMS
  java

DEPENDENCIES
  awesome_print
  bunny
  filewatch (~> 0.2.5)
  gelf
  gmetric (~> 0.1.3)
  haml
  jls-grok (~> 0.4.7)
  jruby-elasticsearch (~> 0.0.10)
  jruby-openssl
  json
  mizuno
  mongo
  rack
  redis
  sass
  sinatra
  statsd-ruby (~> 0.3.0)
  stomp
  uuidtools
  xmpp4r (~> 0.5)
