GEM
  remote: https://rubygems.org/
  specs:
    activesupport (4.1.1)
      i18n (~> 0.6, >= 0.6.9)
      json (~> 1.7, >= 1.7.7)
      minitest (~> 5.1)
      thread_safe (~> 0.1)
      tzinfo (~> 1.1)
    addressable (2.3.6)
    atomic (1.1.16-java)
    avl_tree (1.1.3)
    awesome_print (1.2.0)
    aws-sdk (1.41.0)
      json (~> 1.4)
      nokogiri (>= 1.4.4)
    backports (3.6.0)
    beefcake (0.3.7)
    bindata (2.1.0)
    blankslate (2.1.2.4)
    bouncy-castle-java (1.5.0147)
    buftok (0.1)
    builder (3.2.2)
    cabin (0.6.1)
    ci_reporter (1.9.2)
      builder (>= 2.1.2)
    cinch (2.1.0)
    clamp (0.6.3)
    coderay (1.1.0)
    coveralls (0.7.0)
      multi_json (~> 1.3)
      rest-client
      simplecov (>= 0.7)
      term-ansicolor
      thor
    diff-lcs (1.2.5)
    docile (1.1.3)
    edn (1.0.3)
      parslet (~> 1.4.0)
    elasticsearch (1.0.2)
      elasticsearch-api (= 1.0.2)
      elasticsearch-transport (= 1.0.2)
    elasticsearch-api (1.0.2)
      multi_json
    elasticsearch-transport (1.0.2)
      faraday
      multi_json
    extlib (0.9.16)
    faraday (0.9.0)
      multipart-post (>= 1.2, < 3)
    ffi (1.9.3-java)
    ffi-rzmq (1.0.0)
      ffi
    filewatch (0.5.1)
    ftw (0.0.39)
      addressable
      backports (>= 2.6.2)
      cabin (> 0)
      http_parser.rb (= 0.5.3)
    gelf (1.3.2)
      json
    gelfd (0.2.0)
    geoip (1.4.0)
    gmetric (0.1.3)
    hitimes (1.2.1-java)
    http (0.5.0)
      http_parser.rb
    http_parser.rb (0.5.3-java)
    i18n (0.6.9)
    insist (1.0.0)
    jls-grok (0.10.12)
      cabin (>= 0.6.0)
    jls-lumberjack (0.0.20)
    jrjackson (0.2.7)
    jruby-httpclient (1.1.1-java)
    jruby-openssl (0.8.7)
      bouncy-castle-java (>= 1.5.0147)
    json (1.8.1-java)
    kramdown (1.3.3)
    mail (2.5.3)
      i18n (>= 0.4.0)
      mime-types (~> 1.16)
      treetop (~> 1.4.8)
    march_hare (2.1.2-java)
    metaclass (0.0.4)
    method_source (0.8.2)
    metriks (0.9.9.6)
      atomic (~> 1.0)
      avl_tree (~> 1.1.2)
      hitimes (~> 1.1)
    mime-types (1.25.1)
    minitest (5.3.4)
    mocha (1.1.0)
      metaclass (~> 0.0.1)
    msgpack-jruby (1.4.0-java)
    multi_json (1.10.1)
    multipart-post (2.0.0)
    murmurhash3 (0.1.4)
    nokogiri (1.6.2.1-java)
    parslet (1.4.0)
      blankslate (~> 2.0)
    polyglot (0.3.4)
    pry (0.9.12.6-java)
      coderay (~> 1.0)
      method_source (~> 0.8)
      slop (~> 3.4)
      spoon (~> 0.0)
    rack (1.5.2)
    rack-protection (1.5.3)
      rack
    rbnacl (3.1.0)
      ffi
    redis (3.0.7)
    rest-client (1.6.7)
      mime-types (>= 1.16)
    rspec (2.14.1)
      rspec-core (~> 2.14.0)
      rspec-expectations (~> 2.14.0)
      rspec-mocks (~> 2.14.0)
    rspec-core (2.14.8)
    rspec-expectations (2.14.5)
      diff-lcs (>= 1.1.3, < 2.0)
    rspec-mocks (2.14.6)
    rufus-scheduler (2.0.24)
      tzinfo (>= 0.3.22)
    rumbster (1.1.1)
      mail (= 2.5.3)
    shoulda (3.5.0)
      shoulda-context (~> 1.0, >= 1.0.1)
      shoulda-matchers (>= 1.4.1, < 3.0)
    shoulda-context (1.2.1)
    shoulda-matchers (2.6.1)
      activesupport (>= 3.0.0)
    simple_oauth (0.2.0)
    simplecov (0.8.2)
      docile (~> 1.1.0)
      multi_json
      simplecov-html (~> 0.8.0)
    simplecov-html (0.8.0)
    sinatra (1.4.5)
      rack (~> 1.4)
      rack-protection (~> 1.4)
      tilt (~> 1.3, >= 1.3.4)
    slop (3.5.0)
    snmp (1.1.1)
    spoon (0.0.4)
      ffi
    statsd-ruby (1.2.0)
    stud (0.0.17)
      ffi
      metriks
    term-ansicolor (1.3.0)
      tins (~> 1.0)
    thor (0.19.1)
    thread_safe (0.3.3-java)
    tilt (1.4.1)
    tins (1.3.0)
    treetop (1.4.15)
      polyglot
      polyglot (>= 0.3.1)
    twitter (5.0.0.rc.1)
      buftok (~> 0.1.0)
      faraday (>= 0.8, < 0.10)
      http (>= 0.5.0.pre2, < 0.6)
      http_parser.rb (~> 0.5.0)
      json (~> 1.8)
      simple_oauth (~> 0.2.0)
    tzinfo (1.2.0)
      thread_safe (~> 0.1)
    user_agent_parser (2.1.5)
    xml-simple (1.1.3)
    xmpp4r (0.5)

PLATFORMS
  java

DEPENDENCIES
  addressable
  awesome_print
  aws-sdk
  beefcake (= 0.3.7)
  bindata (>= 1.5.0)
  bouncy-castle-java (= 1.5.0147)
  cabin (>= 0.6.0)
  ci_reporter
  cinch
  clamp
  coveralls
  edn
  elasticsearch
  extlib (= 0.9.16)
  ffi
  ffi-rzmq (= 1.0.0)
  filewatch (= 0.5.1)
  ftw (~> 0.0.39)
  gelf (= 1.3.2)
  gelfd (= 0.2.0)
  geoip (>= 1.3.2)
  gmetric (= 0.1.3)
  i18n (>= 0.6.6)
  insist (= 1.0.0)
  jls-grok (= 0.10.12)
  jls-lumberjack (>= 0.0.20)
  jrjackson
  jruby-httpclient
  jruby-openssl (= 0.8.7)
  kramdown
  mail
  march_hare (~> 2.1.0)
  metriks
  mime-types
  minitest
  mocha
  msgpack-jruby
  murmurhash3
  pry
  rack
  rbnacl
  redis
  rspec
  rufus-scheduler (~> 2.0.24)
  rumbster
  shoulda
  sinatra
  snmp
  spoon
  statsd-ruby (= 1.2.0)
  stud
  twitter (= 5.0.0.rc.1)
  user_agent_parser (>= 2.0.0)
  xml-simple
  xmpp4r (= 0.5)
